
Microsoft Visual Studio Solution File, Format Version 12.00
# Visual Studio Version 17
VisualStudioVersion = 17.1.32407.343
MinimumVisualStudioVersion = 10.0.40219.1
Project("{2150E333-8FDC-42A3-9474-1A3956D46DE8}") = "src", "src", "{7F099ECC-CB53-49FC-AFC6-478F0BC69392}"
EndProject
Project("{9A19103F-16F7-4668-BE54-9A1E7A4F7556}") = "CookApp.Domain", "src\CookApp.Domain\CookApp.Domain.csproj", "{2EACE252-4721-483C-84D1-8A8026AF4534}"
EndProject
Project("{2150E333-8FDC-42A3-9474-1A3956D46DE8}") = "tests", "tests", "{43326A13-7DEE-48B5-81AD-676E310ED351}"
EndProject
Project("{9A19103F-16F7-4668-BE54-9A1E7A4F7556}") = "Domain.UnitTests", "tests\Domain.UnitTests\Domain.UnitTests.csproj", "{80B7A9F2-7DDA-4AB9-9553-A8BC78AC49C7}"
	ProjectSection(ProjectDependencies) = postProject
		{2EACE252-4721-483C-84D1-8A8026AF4534} = {2EACE252-4721-483C-84D1-8A8026AF4534}
	EndProjectSection
EndProject
Project("{00D1A9C2-B5F0-4AF3-8072-F6C62B433612}") = "CookApp.CookBookDb", "src\CookApp.CookBookDb\CookApp.CookBookDb.sqlproj", "{D0AF9222-2004-40A9-B176-C9828E209186}"
EndProject
Project("{2150E333-8FDC-42A3-9474-1A3956D46DE8}") = "Solution Items", "Solution Items", "{9D256896-57B7-4E38-A278-90A9E19BDADF}"
	ProjectSection(SolutionItems) = preProject
		.editorconfig = .editorconfig
	EndProjectSection
EndProject
Project("{9A19103F-16F7-4668-BE54-9A1E7A4F7556}") = "CookApp.Infrastructure", "src\CookApp.Infrastructure\CookApp.Infrastructure.csproj", "{9EADA0FB-CF63-4249-BF83-D5AA7E0F7B96}"
EndProject
Project("{9A19103F-16F7-4668-BE54-9A1E7A4F7556}") = "Infrastructure.IntegrationTests", "tests\Infrastructure.IntegrationTests\Infrastructure.IntegrationTests.csproj", "{42E379CD-512C-46C5-8319-74F62999DE45}"
EndProject
Global
	GlobalSection(SolutionConfigurationPlatforms) = preSolution
		Debug|Any CPU = Debug|Any CPU
		Release|Any CPU = Release|Any CPU
	EndGlobalSection
	GlobalSection(ProjectConfigurationPlatforms) = postSolution
		{2EACE252-4721-483C-84D1-8A8026AF4534}.Debug|Any CPU.ActiveCfg = Debug|Any CPU
		{2EACE252-4721-483C-84D1-8A8026AF4534}.Debug|Any CPU.Build.0 = Debug|Any CPU
		{2EACE252-4721-483C-84D1-8A8026AF4534}.Release|Any CPU.ActiveCfg = Release|Any CPU
		{2EACE252-4721-483C-84D1-8A8026AF4534}.Release|Any CPU.Build.0 = Release|Any CPU
		{80B7A9F2-7DDA-4AB9-9553-A8BC78AC49C7}.Debug|Any CPU.ActiveCfg = Debug|Any CPU
		{80B7A9F2-7DDA-4AB9-9553-A8BC78AC49C7}.Debug|Any CPU.Build.0 = Debug|Any CPU
		{80B7A9F2-7DDA-4AB9-9553-A8BC78AC49C7}.Release|Any CPU.ActiveCfg = Release|Any CPU
		{80B7A9F2-7DDA-4AB9-9553-A8BC78AC49C7}.Release|Any CPU.Build.0 = Release|Any CPU
		{D0AF9222-2004-40A9-B176-C9828E209186}.Debug|Any CPU.ActiveCfg = Debug|Any CPU
		{D0AF9222-2004-40A9-B176-C9828E209186}.Debug|Any CPU.Build.0 = Debug|Any CPU
		{D0AF9222-2004-40A9-B176-C9828E209186}.Debug|Any CPU.Deploy.0 = Debug|Any CPU
		{D0AF9222-2004-40A9-B176-C9828E209186}.Release|Any CPU.ActiveCfg = Release|Any CPU
		{D0AF9222-2004-40A9-B176-C9828E209186}.Release|Any CPU.Build.0 = Release|Any CPU
		{D0AF9222-2004-40A9-B176-C9828E209186}.Release|Any CPU.Deploy.0 = Release|Any CPU
		{9EADA0FB-CF63-4249-BF83-D5AA7E0F7B96}.Debug|Any CPU.ActiveCfg = Debug|Any CPU
		{9EADA0FB-CF63-4249-BF83-D5AA7E0F7B96}.Debug|Any CPU.Build.0 = Debug|Any CPU
		{9EADA0FB-CF63-4249-BF83-D5AA7E0F7B96}.Release|Any CPU.ActiveCfg = Release|Any CPU
		{9EADA0FB-CF63-4249-BF83-D5AA7E0F7B96}.Release|Any CPU.Build.0 = Release|Any CPU
		{42E379CD-512C-46C5-8319-74F62999DE45}.Debug|Any CPU.ActiveCfg = Debug|Any CPU
		{42E379CD-512C-46C5-8319-74F62999DE45}.Debug|Any CPU.Build.0 = Debug|Any CPU
		{42E379CD-512C-46C5-8319-74F62999DE45}.Release|Any CPU.ActiveCfg = Release|Any CPU
		{42E379CD-512C-46C5-8319-74F62999DE45}.Release|Any CPU.Build.0 = Release|Any CPU
	EndGlobalSection
	GlobalSection(SolutionProperties) = preSolution
		HideSolutionNode = FALSE
	EndGlobalSection
	GlobalSection(NestedProjects) = preSolution
		{2EACE252-4721-483C-84D1-8A8026AF4534} = {7F099ECC-CB53-49FC-AFC6-478F0BC69392}
		{80B7A9F2-7DDA-4AB9-9553-A8BC78AC49C7} = {43326A13-7DEE-48B5-81AD-676E310ED351}
		{D0AF9222-2004-40A9-B176-C9828E209186} = {7F099ECC-CB53-49FC-AFC6-478F0BC69392}
		{9EADA0FB-CF63-4249-BF83-D5AA7E0F7B96} = {7F099ECC-CB53-49FC-AFC6-478F0BC69392}
		{42E379CD-512C-46C5-8319-74F62999DE45} = {43326A13-7DEE-48B5-81AD-676E310ED351}
	EndGlobalSection
	GlobalSection(ExtensibilityGlobals) = postSolution
		SolutionGuid = {8638AF7A-39F4-45D7-AEAA-0F6443BD2F6C}
	EndGlobalSection
EndGlobal
